{
  "nodes": {
    "home-manager": {
      "inputs": {
        "nixpkgs": [
          "nixpkgs"
        ]
      },
      "locked": {
        "lastModified": 1783024095,
        "narHash": "sha256-oE+TNK98Pl7nHW4VU1oBvUKD5JR45U+py/NJmLoTNHI=",
        "owner": "nix-community",
        "repo": "home-manager",
        "rev": "a4d410db95a6416d1008049330bd86b85b5db45a",
        "type": "github"
      },
      "original": {
        "owner": "nix-community",
        "repo": "home-manager",
        "type": "github"
      }
    },
    "import-tree": {
      "locked": {
        "lastModified": 1778781969,
        "narHash": "sha256-Jjuz5CmSkur8KvLDoGa+vylEp+RkQtv4mt/qcMznpH0=",
        "owner": "vic",
        "repo": "import-tree",
        "rev": "d321337efd0f23a9eb14a42adb7b2c29313ab274",
        "type": "github"
      },
      "original": {
        "owner": "vic",
        "repo": "import-tree",
        "type": "github"
      }
    },
    "joinix": {
      "locked": {
        "lastModified": 1781763374,
        "narHash": "sha256-FJk4r72qVOa9KmeqO0gnJRnUq0ZbBtz636TalX6vN6I=",
        "owner": "agdral",
        "repo": "joinix",
        "rev": "616ef3d3d99d15ee5ecc9e045cb8bfe77f5fb2b2",
        "type": "github"
      },
      "original": {
        "owner": "agdral",
        "repo": "joinix",
        "type": "github"
      }
    },
    "nixpkgs": {
      "locked": {
        "lastModified": 1782723713,
        "narHash": "sha256-oPXCU/SSUokcGaJREHibG1CBX3+s/W7orDWQOZDsEeQ=",
        "rev": "b5aa0fbd538984f6e3d201be0005b4463d8b09f8",
        "revCount": 1024265,
        "type": "tarball",
        "url": "https://api.flakehub.com/f/pinned/NixOS/nixpkgs/0.1.1024265%2Brev-b5aa0fbd538984f6e3d201be0005b4463d8b09f8/019f16f0-35af-7183-be09-e5210929bf03/source.tar.gz"
      },
      "original": {
        "type": "tarball",
        "url": "https://flakehub.com/f/NixOS/nixpkgs/0.1"
      }
    },
    "nixstable": {
      "locked": {
        "lastModified": 1782847225,
        "narHash": "sha256-JC9PjqKYG9ve5U8aDOLQipp3+KLANBHUvGdLZlxzdKI=",
        "rev": "95ca1e203c0750115fd4a6f17d5a245dfe6b1edd",
        "revCount": 1008160,
        "type": "tarball",
        "url": "https://api.flakehub.com/f/pinned/NixOS/nixpkgs/0.2605.1008160%2Brev-95ca1e203c0750115fd4a6f17d5a245dfe6b1edd/019f1ee4-2fd3-7853-881a-e63424f96ef0/source.tar.gz"
      },
      "original": {
        "type": "tarball",
        "url": "https://flakehub.com/f/NixOS/nixpkgs/%2A"
      }
    },
    "root": {
      "inputs": {
        "home-manager": "home-manager",
        "import-tree": "import-tree",
        "joinix": "joinix",
        "nixpkgs": "nixpkgs",
        "nixstable": "nixstable"
      }
    }
  },
  "root": "root",
  "version": 7
}
