{
  "nodes": {
    "home-manager": {
      "inputs": {
        "nixpkgs": [
          "nixpkgs"
        ]
      },
      "locked": {
        "lastModified": 1774561634,
        "narHash": "sha256-3q1xsREjqdVIIwQQDZQ9y0YdBzP8gAxdwKoKnZSzJtU=",
        "owner": "nix-community",
        "repo": "home-manager",
        "rev": "7c046c63ac3b467c1d589b99d531da5b6520825a",
        "type": "github"
      },
      "original": {
        "owner": "nix-community",
        "repo": "home-manager",
        "type": "github"
      }
    },
    "import-tree": {
      "locked": {
        "lastModified": 1773693634,
        "narHash": "sha256-BtZ2dtkBdSUnFPPFc+n0kcMbgaTxzFNPv2iaO326Ffg=",
        "owner": "vic",
        "repo": "import-tree",
        "rev": "c41e7d58045f9057880b0d85e1152d6a4430dbf1",
        "type": "github"
      },
      "original": {
        "owner": "vic",
        "repo": "import-tree",
        "type": "github"
      }
    },
    "joinix-nix": {
      "locked": {
        "lastModified": 1774308275,
        "narHash": "sha256-1g0MdWsOzm7YFa4Xvhr9Npd+31WxYnw+p9ok2mqz6/M=",
        "owner": "agdral",
        "repo": "joinix",
        "rev": "4e278b76d2dd83d9fc5bd0507fa5f9c5b39b44d1",
        "type": "github"
      },
      "original": {
        "owner": "agdral",
        "repo": "joinix",
        "type": "github"
      }
    },
    "nixpkgs": {
      "locked": {
        "lastModified": 1774386573,
        "narHash": "sha256-4hAV26quOxdC6iyG7kYaZcM3VOskcPUrdCQd/nx8obc=",
        "owner": "nixos",
        "repo": "nixpkgs",
        "rev": "46db2e09e1d3f113a13c0d7b81e2f221c63b8ce9",
        "type": "github"
      },
      "original": {
        "owner": "nixos",
        "ref": "nixos-unstable",
        "repo": "nixpkgs",
        "type": "github"
      }
    },
    "root": {
      "inputs": {
        "home-manager": "home-manager",
        "import-tree": "import-tree",
        "joinix-nix": "joinix-nix",
        "nixpkgs": "nixpkgs"
      }
    }
  },
  "root": "root",
  "version": 7
}
